// !$*UTF8*$!
{
	archiveVersion = 1;
	classes = {
	};
	objectVersion = 56;
	objects = {

/* Begin PBXBuildFile section */
		C790F8082D76E238008C61A8 /* NewArticleTableDataSource.swift in Sources */ = {isa = PBXBuildFile; fileRef = C790F8072D76E238008C61A8 /* NewArticleTableDataSource.swift */; };
		C790F80A2D76FC28008C61A8 /* ImageFromPhoneCarouselView.swift in Sources */ = {isa = PBXBuildFile; fileRef = C790F8092D76FC28008C61A8 /* ImageFromPhoneCarouselView.swift */; };
		C7FB290E2D3D8CCD0095DF7C /* AppDelegate.swift in Sources */ = {isa = PBXBuildFile; fileRef = C7FB290D2D3D8CCD0095DF7C /* AppDelegate.swift */; };
		C7FB29102D3D8CCD0095DF7C /* SceneDelegate.swift in Sources */ = {isa = PBXBuildFile; fileRef = C7FB290F2D3D8CCD0095DF7C /* SceneDelegate.swift */; };
		C7FB29122D3D8CCD0095DF7C /* ExploreViewController.swift in Sources */ = {isa = PBXBuildFile; fileRef = C7FB29112D3D8CCD0095DF7C /* ExploreViewController.swift */; };
		C7FB29182D3D8CCD0095DF7C /* SightSeeStalker.xcdatamodeld in Sources */ = {isa = PBXBuildFile; fileRef = C7FB29162D3D8CCD0095DF7C /* SightSeeStalker.xcdatamodeld */; };
		C7FB291A2D3D8CCE0095DF7C /* Assets.xcassets in Resources */ = {isa = PBXBuildFile; fileRef = C7FB29192D3D8CCE0095DF7C /* Assets.xcassets */; };
		C7FB291D2D3D8CCE0095DF7C /* Base in Resources */ = {isa = PBXBuildFile; fileRef = C7FB291C2D3D8CCE0095DF7C /* Base */; };
		C7FB29272D3E291E0095DF7C /* UIView+Pin.swift in Sources */ = {isa = PBXBuildFile; fileRef = C7FB29262D3E291E0095DF7C /* UIView+Pin.swift */; };
		C7FB29292D3E2A490095DF7C /* UIColor+.swift in Sources */ = {isa = PBXBuildFile; fileRef = C7FB29282D3E2A490095DF7C /* UIColor+.swift */; };
		C7FB292B2D3E320D0095DF7C /* Font.swift in Sources */ = {isa = PBXBuildFile; fileRef = C7FB292A2D3E320D0095DF7C /* Font.swift */; };
		C7FB292E2D3E39240095DF7C /* Arial Narrow.ttf in Resources */ = {isa = PBXBuildFile; fileRef = C7FB292D2D3E39240095DF7C /* Arial Narrow.ttf */; };
		C7FB29302D3E403B0095DF7C /* CustomTextField.swift in Sources */ = {isa = PBXBuildFile; fileRef = C7FB292F2D3E403B0095DF7C /* CustomTextField.swift */; };
		C7FB29322D3E61BE0095DF7C /* CustomButton.swift in Sources */ = {isa = PBXBuildFile; fileRef = C7FB29312D3E61BE0095DF7C /* CustomButton.swift */; };
		C7FB29342D3E74290095DF7C /* CustomImageView.swift in Sources */ = {isa = PBXBuildFile; fileRef = C7FB29332D3E74290095DF7C /* CustomImageView.swift */; };
		C7FB29362D3F695C0095DF7C /* CustomSegmentedView.swift in Sources */ = {isa = PBXBuildFile; fileRef = C7FB29352D3F695C0095DF7C /* CustomSegmentedView.swift */; };
		C7FB293D2D3F7EFC0095DF7C /* HomeViewController.swift in Sources */ = {isa = PBXBuildFile; fileRef = C7FB293C2D3F7EFC0095DF7C /* HomeViewController.swift */; };
		C7FB293F2D3F7FAE0095DF7C /* MapViewController.swift in Sources */ = {isa = PBXBuildFile; fileRef = C7FB293E2D3F7FAE0095DF7C /* MapViewController.swift */; };
		C7FB29412D3F80280095DF7C /* NewsViewController.swift in Sources */ = {isa = PBXBuildFile; fileRef = C7FB29402D3F80280095DF7C /* NewsViewController.swift */; };
		C7FB29432D3F82220095DF7C /* CustomTabBarController.swift in Sources */ = {isa = PBXBuildFile; fileRef = C7FB29422D3F82220095DF7C /* CustomTabBarController.swift */; };
		C7FB29452D3F86D50095DF7C /* UIImage+.swift in Sources */ = {isa = PBXBuildFile; fileRef = C7FB29442D3F86D50095DF7C /* UIImage+.swift */; };
		C7FB29482D3FA1670095DF7C /* Person.swift in Sources */ = {isa = PBXBuildFile; fileRef = C7FB29472D3FA1670095DF7C /* Person.swift */; };
		C7FB294A2D3FA3750095DF7C /* Article.swift in Sources */ = {isa = PBXBuildFile; fileRef = C7FB29492D3FA3750095DF7C /* Article.swift */; };
		C7FB294C2D3FD43B0095DF7C /* PersonCell.swift in Sources */ = {isa = PBXBuildFile; fileRef = C7FB294B2D3FD43B0095DF7C /* PersonCell.swift */; };
		C7FB294E2D3FD9820095DF7C /* ExploreDataSource.swift in Sources */ = {isa = PBXBuildFile; fileRef = C7FB294D2D3FD9820095DF7C /* ExploreDataSource.swift */; };
		C7FB29522D54F9990095DF7C /* AuthState.swift in Sources */ = {isa = PBXBuildFile; fileRef = C7FB29512D54F9990095DF7C /* AuthState.swift */; };
		C7FB29542D54F9B80095DF7C /* AuthViewController.swift in Sources */ = {isa = PBXBuildFile; fileRef = C7FB29532D54F9B80095DF7C /* AuthViewController.swift */; };
		C7FB29562D54F9CA0095DF7C /* AuthInteractor.swift in Sources */ = {isa = PBXBuildFile; fileRef = C7FB29552D54F9CA0095DF7C /* AuthInteractor.swift */; };
		C7FB29582D54F9E20095DF7C /* AuthPresenter.swift in Sources */ = {isa = PBXBuildFile; fileRef = C7FB29572D54F9E20095DF7C /* AuthPresenter.swift */; };
		C7FB295A2D54F9F10095DF7C /* AuthRouter.swift in Sources */ = {isa = PBXBuildFile; fileRef = C7FB29592D54F9F10095DF7C /* AuthRouter.swift */; };
		C7FB295E2D54FCC50095DF7C /* KeychainSwift in Frameworks */ = {isa = PBXBuildFile; productRef = C7FB295D2D54FCC50095DF7C /* KeychainSwift */; };
		C7FB29602D55148D0095DF7C /* ToggleButtonsView.swift in Sources */ = {isa = PBXBuildFile; fileRef = C7FB295F2D55148D0095DF7C /* ToggleButtonsView.swift */; };
		C7FB29622D58A8D90095DF7C /* ArticleCell.swift in Sources */ = {isa = PBXBuildFile; fileRef = C7FB29612D58A8D80095DF7C /* ArticleCell.swift */; };
		C7FB29662D58FDAB0095DF7C /* ImageCarouselView.swift in Sources */ = {isa = PBXBuildFile; fileRef = C7FB29652D58FDAB0095DF7C /* ImageCarouselView.swift */; };
		C7FB29692D59D8AC0095DF7C /* PersonViewController.swift in Sources */ = {isa = PBXBuildFile; fileRef = C7FB29682D59D8AC0095DF7C /* PersonViewController.swift */; };
		C7FB296C2D59DDFA0095DF7C /* ArticleViewController.swift in Sources */ = {isa = PBXBuildFile; fileRef = C7FB296B2D59DDFA0095DF7C /* ArticleViewController.swift */; };
		C7FB296E2D609BAA0095DF7C /* Sora-Regular.ttf in Resources */ = {isa = PBXBuildFile; fileRef = C7FB296D2D609BAA0095DF7C /* Sora-Regular.ttf */; };
		C7FB29722D631BDC0095DF7C /* UIImageView+.swift in Sources */ = {isa = PBXBuildFile; fileRef = C7FB29712D631BDC0095DF7C /* UIImageView+.swift */; };
		C7FB29742D6364E90095DF7C /* MapViewDelegate.swift in Sources */ = {isa = PBXBuildFile; fileRef = C7FB29732D6364E80095DF7C /* MapViewDelegate.swift */; };
		C7FB29792D6F09480095DF7C /* CustomAnnotation.swift in Sources */ = {isa = PBXBuildFile; fileRef = C7FB29782D6F09480095DF7C /* CustomAnnotation.swift */; };
		C7FB297F2D6F2DC60095DF7C /* NewArticleViewController.swift in Sources */ = {isa = PBXBuildFile; fileRef = C7FB297E2D6F2DC60095DF7C /* NewArticleViewController.swift */; };
		C7FB29812D6F2DD60095DF7C /* SettingsViewController.swift in Sources */ = {isa = PBXBuildFile; fileRef = C7FB29802D6F2DD60095DF7C /* SettingsViewController.swift */; };
		C7FB29842D746D980095DF7C /* Configs.swift in Sources */ = {isa = PBXBuildFile; fileRef = C7FB29832D746D980095DF7C /* Configs.swift */; };
		C7FB29862D7475850095DF7C /* PersonRouter.swift in Sources */ = {isa = PBXBuildFile; fileRef = C7FB29852D7475850095DF7C /* PersonRouter.swift */; };
		C7FB29882D7476190095DF7C /* PersonPresenter.swift in Sources */ = {isa = PBXBuildFile; fileRef = C7FB29872D7476190095DF7C /* PersonPresenter.swift */; };
		C7FB298A2D7476480095DF7C /* PersonInteractor.swift in Sources */ = {isa = PBXBuildFile; fileRef = C7FB29892D7476480095DF7C /* PersonInteractor.swift */; };
		C7FB298C2D7476800095DF7C /* PersonWorker.swift in Sources */ = {isa = PBXBuildFile; fileRef = C7FB298B2D7476800095DF7C /* PersonWorker.swift */; };
		C7FB298E2D7476E40095DF7C /* PersonAssembly.swift in Sources */ = {isa = PBXBuildFile; fileRef = C7FB298D2D7476E40095DF7C /* PersonAssembly.swift */; };
		C7FB29902D7486540095DF7C /* NewsProtocols.swift in Sources */ = {isa = PBXBuildFile; fileRef = C7FB298F2D7486540095DF7C /* NewsProtocols.swift */; };
		C7FB29922D7486600095DF7C /* NewsPresenter.swift in Sources */ = {isa = PBXBuildFile; fileRef = C7FB29912D7486600095DF7C /* NewsPresenter.swift */; };
		C7FB29942D74866C0095DF7C /* NewsWorker.swift in Sources */ = {isa = PBXBuildFile; fileRef = C7FB29932D74866C0095DF7C /* NewsWorker.swift */; };
		C7FB29962D74867E0095DF7C /* NewsInteractor.swift in Sources */ = {isa = PBXBuildFile; fileRef = C7FB29952D74867E0095DF7C /* NewsInteractor.swift */; };
		C7FB29982D74868A0095DF7C /* NewsRouter.swift in Sources */ = {isa = PBXBuildFile; fileRef = C7FB29972D74868A0095DF7C /* NewsRouter.swift */; };
		C7FB299A2D74874B0095DF7C /* NewsAssembly.swift in Sources */ = {isa = PBXBuildFile; fileRef = C7FB29992D74874B0095DF7C /* NewsAssembly.swift */; };
		C7FB299C2D74AA9C0095DF7C /* MapProtocols.swift in Sources */ = {isa = PBXBuildFile; fileRef = C7FB299B2D74AA9C0095DF7C /* MapProtocols.swift */; };
		C7FB299E2D74AAC40095DF7C /* MapPresenter.swift in Sources */ = {isa = PBXBuildFile; fileRef = C7FB299D2D74AAC40095DF7C /* MapPresenter.swift */; };
		C7FB29A02D74AACF0095DF7C /* MapInteractor.swift in Sources */ = {isa = PBXBuildFile; fileRef = C7FB299F2D74AACF0095DF7C /* MapInteractor.swift */; };
		C7FB29A22D74AB0B0095DF7C /* MapWorker.swift in Sources */ = {isa = PBXBuildFile; fileRef = C7FB29A12D74AB0B0095DF7C /* MapWorker.swift */; };
		C7FB29A42D74ABC90095DF7C /* MapAssembly.swift in Sources */ = {isa = PBXBuildFile; fileRef = C7FB29A32D74ABC80095DF7C /* MapAssembly.swift */; };
		C7FB29A62D74B28E0095DF7C /* HomeProtocols.swift in Sources */ = {isa = PBXBuildFile; fileRef = C7FB29A52D74B28E0095DF7C /* HomeProtocols.swift */; };
		C7FB29A82D74B29E0095DF7C /* HomePresenter.swift in Sources */ = {isa = PBXBuildFile; fileRef = C7FB29A72D74B29D0095DF7C /* HomePresenter.swift */; };
		C7FB29AC2D74B2E30095DF7C /* HomeInteractor.swift in Sources */ = {isa = PBXBuildFile; fileRef = C7FB29AB2D74B2E30095DF7C /* HomeInteractor.swift */; };
		C7FB29AE2D74B34D0095DF7C /* HomeAssembly.swift in Sources */ = {isa = PBXBuildFile; fileRef = C7FB29AD2D74B34D0095DF7C /* HomeAssembly.swift */; };
		C7FB29B02D74B5840095DF7C /* HomeWorker.swift in Sources */ = {isa = PBXBuildFile; fileRef = C7FB29AF2D74B5840095DF7C /* HomeWorker.swift */; };
		C7FB29B22D74B90F0095DF7C /* HomeRouter.swift in Sources */ = {isa = PBXBuildFile; fileRef = C7FB29B12D74B90F0095DF7C /* HomeRouter.swift */; };
		C7FB29B42D74C25E0095DF7C /* ExploreProtocols.swift in Sources */ = {isa = PBXBuildFile; fileRef = C7FB29B32D74C25E0095DF7C /* ExploreProtocols.swift */; };
		C7FB29B62D74C2690095DF7C /* ExploreWorker.swift in Sources */ = {isa = PBXBuildFile; fileRef = C7FB29B52D74C2690095DF7C /* ExploreWorker.swift */; };
		C7FB29B82D74C2740095DF7C /* ExploreInteractor.swift in Sources */ = {isa = PBXBuildFile; fileRef = C7FB29B72D74C2740095DF7C /* ExploreInteractor.swift */; };
		C7FB29BA2D74C27F0095DF7C /* ExplorePresenter.swift in Sources */ = {isa = PBXBuildFile; fileRef = C7FB29B92D74C27F0095DF7C /* ExplorePresenter.swift */; };
		C7FB29BC2D74C2940095DF7C /* ExploreRouter.swift in Sources */ = {isa = PBXBuildFile; fileRef = C7FB29BB2D74C2940095DF7C /* ExploreRouter.swift */; };
		C7FB29BF2D74C6930095DF7C /* ExploreDataModel.swift in Sources */ = {isa = PBXBuildFile; fileRef = C7FB29BE2D74C6930095DF7C /* ExploreDataModel.swift */; };
		C7FB29C12D74CD080095DF7C /* ExploreAssembly.swift in Sources */ = {isa = PBXBuildFile; fileRef = C7FB29C02D74CD080095DF7C /* ExploreAssembly.swift */; };
/* End PBXBuildFile section */

/* Begin PBXFileReference section */
		C790F8072D76E238008C61A8 /* NewArticleTableDataSource.swift */ = {isa = PBXFileReference; lastKnownFileType = sourcecode.swift; path = NewArticleTableDataSource.swift; sourceTree = "<group>"; };
		C790F8092D76FC28008C61A8 /* ImageFromPhoneCarouselView.swift */ = {isa = PBXFileReference; lastKnownFileType = sourcecode.swift; path = ImageFromPhoneCarouselView.swift; sourceTree = "<group>"; };
		C7FB290A2D3D8CCD0095DF7C /* SightSeeStalker.app */ = {isa = PBXFileReference; explicitFileType = wrapper.application; includeInIndex = 0; path = SightSeeStalker.app; sourceTree = BUILT_PRODUCTS_DIR; };
		C7FB290D2D3D8CCD0095DF7C /* AppDelegate.swift */ = {isa = PBXFileReference; lastKnownFileType = sourcecode.swift; path = AppDelegate.swift; sourceTree = "<group>"; };
		C7FB290F2D3D8CCD0095DF7C /* SceneDelegate.swift */ = {isa = PBXFileReference; lastKnownFileType = sourcecode.swift; path = SceneDelegate.swift; sourceTree = "<group>"; };
		C7FB29112D3D8CCD0095DF7C /* ExploreViewController.swift */ = {isa = PBXFileReference; lastKnownFileType = sourcecode.swift; path = ExploreViewController.swift; sourceTree = "<group>"; };
		C7FB29172D3D8CCD0095DF7C /* SightSeeStalker.xcdatamodel */ = {isa = PBXFileReference; lastKnownFileType = wrapper.xcdatamodel; path = SightSeeStalker.xcdatamodel; sourceTree = "<group>"; };
		C7FB29192D3D8CCE0095DF7C /* Assets.xcassets */ = {isa = PBXFileReference; lastKnownFileType = folder.assetcatalog; path = Assets.xcassets; sourceTree = "<group>"; };
		C7FB291C2D3D8CCE0095DF7C /* Base */ = {isa = PBXFileReference; lastKnownFileType = file.storyboard; name = Base; path = Base.lproj/LaunchScreen.storyboard; sourceTree = "<group>"; };
		C7FB291E2D3D8CCE0095DF7C /* Info.plist */ = {isa = PBXFileReference; lastKnownFileType = text.plist.xml; path = Info.plist; sourceTree = "<group>"; };
		C7FB29262D3E291E0095DF7C /* UIView+Pin.swift */ = {isa = PBXFileReference; lastKnownFileType = sourcecode.swift; path = "UIView+Pin.swift"; sourceTree = "<group>"; };
		C7FB29282D3E2A490095DF7C /* UIColor+.swift */ = {isa = PBXFileReference; lastKnownFileType = sourcecode.swift; path = "UIColor+.swift"; sourceTree = "<group>"; };
		C7FB292A2D3E320D0095DF7C /* Font.swift */ = {isa = PBXFileReference; lastKnownFileType = sourcecode.swift; path = Font.swift; sourceTree = "<group>"; };
		C7FB292D2D3E39240095DF7C /* Arial Narrow.ttf */ = {isa = PBXFileReference; lastKnownFileType = file; path = "Arial Narrow.ttf"; sourceTree = "<group>"; };
		C7FB292F2D3E403B0095DF7C /* CustomTextField.swift */ = {isa = PBXFileReference; lastKnownFileType = sourcecode.swift; path = CustomTextField.swift; sourceTree = "<group>"; };
		C7FB29312D3E61BE0095DF7C /* CustomButton.swift */ = {isa = PBXFileReference; lastKnownFileType = sourcecode.swift; path = CustomButton.swift; sourceTree = "<group>"; };
		C7FB29332D3E74290095DF7C /* CustomImageView.swift */ = {isa = PBXFileReference; lastKnownFileType = sourcecode.swift; path = CustomImageView.swift; sourceTree = "<group>"; };
		C7FB29352D3F695C0095DF7C /* CustomSegmentedView.swift */ = {isa = PBXFileReference; lastKnownFileType = sourcecode.swift; path = CustomSegmentedView.swift; sourceTree = "<group>"; };
		C7FB293C2D3F7EFC0095DF7C /* HomeViewController.swift */ = {isa = PBXFileReference; lastKnownFileType = sourcecode.swift; path = HomeViewController.swift; sourceTree = "<group>"; };
		C7FB293E2D3F7FAE0095DF7C /* MapViewController.swift */ = {isa = PBXFileReference; lastKnownFileType = sourcecode.swift; path = MapViewController.swift; sourceTree = "<group>"; };
		C7FB29402D3F80280095DF7C /* NewsViewController.swift */ = {isa = PBXFileReference; lastKnownFileType = sourcecode.swift; path = NewsViewController.swift; sourceTree = "<group>"; };
		C7FB29422D3F82220095DF7C /* CustomTabBarController.swift */ = {isa = PBXFileReference; lastKnownFileType = sourcecode.swift; path = CustomTabBarController.swift; sourceTree = "<group>"; };
		C7FB29442D3F86D50095DF7C /* UIImage+.swift */ = {isa = PBXFileReference; lastKnownFileType = sourcecode.swift; path = "UIImage+.swift"; sourceTree = "<group>"; };
		C7FB29472D3FA1670095DF7C /* Person.swift */ = {isa = PBXFileReference; lastKnownFileType = sourcecode.swift; path = Person.swift; sourceTree = "<group>"; };
		C7FB29492D3FA3750095DF7C /* Article.swift */ = {isa = PBXFileReference; lastKnownFileType = sourcecode.swift; path = Article.swift; sourceTree = "<group>"; };
		C7FB294B2D3FD43B0095DF7C /* PersonCell.swift */ = {isa = PBXFileReference; lastKnownFileType = sourcecode.swift; path = PersonCell.swift; sourceTree = "<group>"; };
		C7FB294D2D3FD9820095DF7C /* ExploreDataSource.swift */ = {isa = PBXFileReference; lastKnownFileType = sourcecode.swift; path = ExploreDataSource.swift; sourceTree = "<group>"; };
		C7FB29512D54F9990095DF7C /* AuthState.swift */ = {isa = PBXFileReference; lastKnownFileType = sourcecode.swift; path = AuthState.swift; sourceTree = "<group>"; };
		C7FB29532D54F9B80095DF7C /* AuthViewController.swift */ = {isa = PBXFileReference; lastKnownFileType = sourcecode.swift; path = AuthViewController.swift; sourceTree = "<group>"; };
		C7FB29552D54F9CA0095DF7C /* AuthInteractor.swift */ = {isa = PBXFileReference; lastKnownFileType = sourcecode.swift; path = AuthInteractor.swift; sourceTree = "<group>"; };
		C7FB29572D54F9E20095DF7C /* AuthPresenter.swift */ = {isa = PBXFileReference; lastKnownFileType = sourcecode.swift; path = AuthPresenter.swift; sourceTree = "<group>"; };
		C7FB29592D54F9F10095DF7C /* AuthRouter.swift */ = {isa = PBXFileReference; lastKnownFileType = sourcecode.swift; path = AuthRouter.swift; sourceTree = "<group>"; };
		C7FB295F2D55148D0095DF7C /* ToggleButtonsView.swift */ = {isa = PBXFileReference; lastKnownFileType = sourcecode.swift; path = ToggleButtonsView.swift; sourceTree = "<group>"; };
		C7FB29612D58A8D80095DF7C /* ArticleCell.swift */ = {isa = PBXFileReference; lastKnownFileType = sourcecode.swift; path = ArticleCell.swift; sourceTree = "<group>"; };
		C7FB29652D58FDAB0095DF7C /* ImageCarouselView.swift */ = {isa = PBXFileReference; lastKnownFileType = sourcecode.swift; path = ImageCarouselView.swift; sourceTree = "<group>"; };
		C7FB29682D59D8AC0095DF7C /* PersonViewController.swift */ = {isa = PBXFileReference; lastKnownFileType = sourcecode.swift; path = PersonViewController.swift; sourceTree = "<group>"; };
		C7FB296B2D59DDFA0095DF7C /* ArticleViewController.swift */ = {isa = PBXFileReference; lastKnownFileType = sourcecode.swift; path = ArticleViewController.swift; sourceTree = "<group>"; };
		C7FB296D2D609BAA0095DF7C /* Sora-Regular.ttf */ = {isa = PBXFileReference; lastKnownFileType = file; path = "Sora-Regular.ttf"; sourceTree = "<group>"; };
		C7FB29712D631BDC0095DF7C /* UIImageView+.swift */ = {isa = PBXFileReference; lastKnownFileType = sourcecode.swift; path = "UIImageView+.swift"; sourceTree = "<group>"; };
		C7FB29732D6364E80095DF7C /* MapViewDelegate.swift */ = {isa = PBXFileReference; lastKnownFileType = sourcecode.swift; path = MapViewDelegate.swift; sourceTree = "<group>"; };
		C7FB29782D6F09480095DF7C /* CustomAnnotation.swift */ = {isa = PBXFileReference; lastKnownFileType = sourcecode.swift; path = CustomAnnotation.swift; sourceTree = "<group>"; };
		C7FB297E2D6F2DC60095DF7C /* NewArticleViewController.swift */ = {isa = PBXFileReference; lastKnownFileType = sourcecode.swift; path = NewArticleViewController.swift; sourceTree = "<group>"; };
		C7FB29802D6F2DD60095DF7C /* SettingsViewController.swift */ = {isa = PBXFileReference; lastKnownFileType = sourcecode.swift; path = SettingsViewController.swift; sourceTree = "<group>"; };
		C7FB29832D746D980095DF7C /* Configs.swift */ = {isa = PBXFileReference; lastKnownFileType = sourcecode.swift; path = Configs.swift; sourceTree = "<group>"; };
		C7FB29852D7475850095DF7C /* PersonRouter.swift */ = {isa = PBXFileReference; lastKnownFileType = sourcecode.swift; path = PersonRouter.swift; sourceTree = "<group>"; };
		C7FB29872D7476190095DF7C /* PersonPresenter.swift */ = {isa = PBXFileReference; lastKnownFileType = sourcecode.swift; path = PersonPresenter.swift; sourceTree = "<group>"; };
		C7FB29892D7476480095DF7C /* PersonInteractor.swift */ = {isa = PBXFileReference; lastKnownFileType = sourcecode.swift; path = PersonInteractor.swift; sourceTree = "<group>"; };
		C7FB298B2D7476800095DF7C /* PersonWorker.swift */ = {isa = PBXFileReference; lastKnownFileType = sourcecode.swift; path = PersonWorker.swift; sourceTree = "<group>"; };
		C7FB298D2D7476E40095DF7C /* PersonAssembly.swift */ = {isa = PBXFileReference; lastKnownFileType = sourcecode.swift; path = PersonAssembly.swift; sourceTree = "<group>"; };
		C7FB298F2D7486540095DF7C /* NewsProtocols.swift */ = {isa = PBXFileReference; lastKnownFileType = sourcecode.swift; path = NewsProtocols.swift; sourceTree = "<group>"; };
		C7FB29912D7486600095DF7C /* NewsPresenter.swift */ = {isa = PBXFileReference; lastKnownFileType = sourcecode.swift; path = NewsPresenter.swift; sourceTree = "<group>"; };
		C7FB29932D74866C0095DF7C /* NewsWorker.swift */ = {isa = PBXFileReference; lastKnownFileType = sourcecode.swift; path = NewsWorker.swift; sourceTree = "<group>"; };
		C7FB29952D74867E0095DF7C /* NewsInteractor.swift */ = {isa = PBXFileReference; lastKnownFileType = sourcecode.swift; path = NewsInteractor.swift; sourceTree = "<group>"; };
		C7FB29972D74868A0095DF7C /* NewsRouter.swift */ = {isa = PBXFileReference; lastKnownFileType = sourcecode.swift; path = NewsRouter.swift; sourceTree = "<group>"; };
		C7FB29992D74874B0095DF7C /* NewsAssembly.swift */ = {isa = PBXFileReference; lastKnownFileType = sourcecode.swift; path = NewsAssembly.swift; sourceTree = "<group>"; };
		C7FB299B2D74AA9C0095DF7C /* MapProtocols.swift */ = {isa = PBXFileReference; lastKnownFileType = sourcecode.swift; path = MapProtocols.swift; sourceTree = "<group>"; };
		C7FB299D2D74AAC40095DF7C /* MapPresenter.swift */ = {isa = PBXFileReference; lastKnownFileType = sourcecode.swift; path = MapPresenter.swift; sourceTree = "<group>"; };
		C7FB299F2D74AACF0095DF7C /* MapInteractor.swift */ = {isa = PBXFileReference; lastKnownFileType = sourcecode.swift; path = MapInteractor.swift; sourceTree = "<group>"; };
		C7FB29A12D74AB0B0095DF7C /* MapWorker.swift */ = {isa = PBXFileReference; lastKnownFileType = sourcecode.swift; path = MapWorker.swift; sourceTree = "<group>"; };
		C7FB29A32D74ABC80095DF7C /* MapAssembly.swift */ = {isa = PBXFileReference; lastKnownFileType = sourcecode.swift; path = MapAssembly.swift; sourceTree = "<group>"; };
		C7FB29A52D74B28E0095DF7C /* HomeProtocols.swift */ = {isa = PBXFileReference; lastKnownFileType = sourcecode.swift; path = HomeProtocols.swift; sourceTree = "<group>"; };
		C7FB29A72D74B29D0095DF7C /* HomePresenter.swift */ = {isa = PBXFileReference; lastKnownFileType = sourcecode.swift; path = HomePresenter.swift; sourceTree = "<group>"; };
		C7FB29AB2D74B2E30095DF7C /* HomeInteractor.swift */ = {isa = PBXFileReference; lastKnownFileType = sourcecode.swift; path = HomeInteractor.swift; sourceTree = "<group>"; };
		C7FB29AD2D74B34D0095DF7C /* HomeAssembly.swift */ = {isa = PBXFileReference; lastKnownFileType = sourcecode.swift; path = HomeAssembly.swift; sourceTree = "<group>"; };
		C7FB29AF2D74B5840095DF7C /* HomeWorker.swift */ = {isa = PBXFileReference; lastKnownFileType = sourcecode.swift; path = HomeWorker.swift; sourceTree = "<group>"; };
		C7FB29B12D74B90F0095DF7C /* HomeRouter.swift */ = {isa = PBXFileReference; lastKnownFileType = sourcecode.swift; path = HomeRouter.swift; sourceTree = "<group>"; };
		C7FB29B32D74C25E0095DF7C /* ExploreProtocols.swift */ = {isa = PBXFileReference; lastKnownFileType = sourcecode.swift; path = ExploreProtocols.swift; sourceTree = "<group>"; };
		C7FB29B52D74C2690095DF7C /* ExploreWorker.swift */ = {isa = PBXFileReference; lastKnownFileType = sourcecode.swift; path = ExploreWorker.swift; sourceTree = "<group>"; };
		C7FB29B72D74C2740095DF7C /* ExploreInteractor.swift */ = {isa = PBXFileReference; lastKnownFileType = sourcecode.swift; path = ExploreInteractor.swift; sourceTree = "<group>"; };
		C7FB29B92D74C27F0095DF7C /* ExplorePresenter.swift */ = {isa = PBXFileReference; lastKnownFileType = sourcecode.swift; path = ExplorePresenter.swift; sourceTree = "<group>"; };
		C7FB29BB2D74C2940095DF7C /* ExploreRouter.swift */ = {isa = PBXFileReference; lastKnownFileType = sourcecode.swift; path = ExploreRouter.swift; sourceTree = "<group>"; };
		C7FB29BE2D74C6930095DF7C /* ExploreDataModel.swift */ = {isa = PBXFileReference; lastKnownFileType = sourcecode.swift; path = ExploreDataModel.swift; sourceTree = "<group>"; };
		C7FB29C02D74CD080095DF7C /* ExploreAssembly.swift */ = {isa = PBXFileReference; lastKnownFileType = sourcecode.swift; path = ExploreAssembly.swift; sourceTree = "<group>"; };
/* End PBXFileReference section */

/* Begin PBXFrameworksBuildPhase section */
		C7FB29072D3D8CCD0095DF7C /* Frameworks */ = {
			isa = PBXFrameworksBuildPhase;
			buildActionMask = 2147483647;
			files = (
				C7FB295E2D54FCC50095DF7C /* KeychainSwift in Frameworks */,
			);
			runOnlyForDeploymentPostprocessing = 0;
		};
/* End PBXFrameworksBuildPhase section */

/* Begin PBXGroup section */
		C7FB29012D3D8CCD0095DF7C = {
			isa = PBXGroup;
			children = (
				C7FB290C2D3D8CCD0095DF7C /* SightSeeStalker */,
				C7FB290B2D3D8CCD0095DF7C /* Products */,
			);
			sourceTree = "<group>";
		};
		C7FB290B2D3D8CCD0095DF7C /* Products */ = {
			isa = PBXGroup;
			children = (
				C7FB290A2D3D8CCD0095DF7C /* SightSeeStalker.app */,
			);
			name = Products;
			sourceTree = "<group>";
		};
		C7FB290C2D3D8CCD0095DF7C /* SightSeeStalker */ = {
			isa = PBXGroup;
			children = (
				C7FB29822D746D7F0095DF7C /* Configs */,
				C7FB295B2D54FB2D0095DF7C /* Support */,
				C7FB29462D3FA1590095DF7C /* Models */,
				C7FB29372D3F7D560095DF7C /* Screens */,
				C7FB292C2D3E36190095DF7C /* Resources */,
				C7FB29252D3E26160095DF7C /* Extensions */,
				C7FB29242D3E25C00095DF7C /* Views */,
				C7FB29192D3D8CCE0095DF7C /* Assets.xcassets */,
				C7FB291B2D3D8CCE0095DF7C /* LaunchScreen.storyboard */,
				C7FB291E2D3D8CCE0095DF7C /* Info.plist */,
				C7FB29162D3D8CCD0095DF7C /* SightSeeStalker.xcdatamodeld */,
			);
			path = SightSeeStalker;
			sourceTree = "<group>";
		};
		C7FB29242D3E25C00095DF7C /* Views */ = {
			isa = PBXGroup;
			children = (
				C7FB292F2D3E403B0095DF7C /* CustomTextField.swift */,
				C7FB29312D3E61BE0095DF7C /* CustomButton.swift */,
				C7FB29332D3E74290095DF7C /* CustomImageView.swift */,
				C7FB29352D3F695C0095DF7C /* CustomSegmentedView.swift */,
				C7FB29422D3F82220095DF7C /* CustomTabBarController.swift */,
				C7FB294B2D3FD43B0095DF7C /* PersonCell.swift */,
				C7FB295F2D55148D0095DF7C /* ToggleButtonsView.swift */,
				C7FB29612D58A8D80095DF7C /* ArticleCell.swift */,
				C7FB29652D58FDAB0095DF7C /* ImageCarouselView.swift */,
				C790F8092D76FC28008C61A8 /* ImageFromPhoneCarouselView.swift */,
			);
			path = Views;
			sourceTree = "<group>";
		};
		C7FB29252D3E26160095DF7C /* Extensions */ = {
			isa = PBXGroup;
			children = (
				C7FB29262D3E291E0095DF7C /* UIView+Pin.swift */,
				C7FB29282D3E2A490095DF7C /* UIColor+.swift */,
				C7FB292A2D3E320D0095DF7C /* Font.swift */,
				C7FB29442D3F86D50095DF7C /* UIImage+.swift */,
				C7FB29712D631BDC0095DF7C /* UIImageView+.swift */,
			);
			path = Extensions;
			sourceTree = "<group>";
		};
		C7FB292C2D3E36190095DF7C /* Resources */ = {
			isa = PBXGroup;
			children = (
				C7FB296D2D609BAA0095DF7C /* Sora-Regular.ttf */,
				C7FB292D2D3E39240095DF7C /* Arial Narrow.ttf */,
			);
			path = Resources;
			sourceTree = "<group>";
		};
		C7FB29372D3F7D560095DF7C /* Screens */ = {
			isa = PBXGroup;
			children = (
				C7FB297D2D6F2D190095DF7C /* NewArticle */,
				C7FB297A2D6F2CF30095DF7C /* Settings */,
				C7FB296A2D59DDE50095DF7C /* Article */,
				C7FB29672D59D8930095DF7C /* Person */,
				C7FB29502D54F9860095DF7C /* Auth */,
				C7FB293B2D3F7D880095DF7C /* Home */,
				C7FB293A2D3F7D7C0095DF7C /* Map */,
				C7FB29392D3F7D750095DF7C /* Explore */,
				C7FB29382D3F7D610095DF7C /* News */,
			);
			path = Screens;
			sourceTree = "<group>";
		};
		C7FB29382D3F7D610095DF7C /* News */ = {
			isa = PBXGroup;
			children = (
				C7FB29402D3F80280095DF7C /* NewsViewController.swift */,
				C7FB298F2D7486540095DF7C /* NewsProtocols.swift */,
				C7FB29912D7486600095DF7C /* NewsPresenter.swift */,
				C7FB29932D74866C0095DF7C /* NewsWorker.swift */,
				C7FB29952D74867E0095DF7C /* NewsInteractor.swift */,
				C7FB29972D74868A0095DF7C /* NewsRouter.swift */,
				C7FB29992D74874B0095DF7C /* NewsAssembly.swift */,
			);
			path = News;
			sourceTree = "<group>";
		};
		C7FB29392D3F7D750095DF7C /* Explore */ = {
			isa = PBXGroup;
			children = (
				C7FB29BD2D74C6700095DF7C /* Models */,
				C7FB294D2D3FD9820095DF7C /* ExploreDataSource.swift */,
				C7FB29112D3D8CCD0095DF7C /* ExploreViewController.swift */,
				C7FB29B32D74C25E0095DF7C /* ExploreProtocols.swift */,
				C7FB29B52D74C2690095DF7C /* ExploreWorker.swift */,
				C7FB29B72D74C2740095DF7C /* ExploreInteractor.swift */,
				C7FB29B92D74C27F0095DF7C /* ExplorePresenter.swift */,
				C7FB29BB2D74C2940095DF7C /* ExploreRouter.swift */,
				C7FB29C02D74CD080095DF7C /* ExploreAssembly.swift */,
			);
			path = Explore;
			sourceTree = "<group>";
		};
		C7FB293A2D3F7D7C0095DF7C /* Map */ = {
			isa = PBXGroup;
			children = (
				C7FB293E2D3F7FAE0095DF7C /* MapViewController.swift */,
				C7FB29732D6364E80095DF7C /* MapViewDelegate.swift */,
				C7FB29782D6F09480095DF7C /* CustomAnnotation.swift */,
				C7FB299B2D74AA9C0095DF7C /* MapProtocols.swift */,
				C7FB299D2D74AAC40095DF7C /* MapPresenter.swift */,
				C7FB299F2D74AACF0095DF7C /* MapInteractor.swift */,
				C7FB29A12D74AB0B0095DF7C /* MapWorker.swift */,
				C7FB29A32D74ABC80095DF7C /* MapAssembly.swift */,
			);
			path = Map;
			sourceTree = "<group>";
		};
		C7FB293B2D3F7D880095DF7C /* Home */ = {
			isa = PBXGroup;
			children = (
				C7FB293C2D3F7EFC0095DF7C /* HomeViewController.swift */,
				C7FB29A52D74B28E0095DF7C /* HomeProtocols.swift */,
				C7FB29A72D74B29D0095DF7C /* HomePresenter.swift */,
				C7FB29AB2D74B2E30095DF7C /* HomeInteractor.swift */,
				C7FB29AD2D74B34D0095DF7C /* HomeAssembly.swift */,
				C7FB29AF2D74B5840095DF7C /* HomeWorker.swift */,
				C7FB29B12D74B90F0095DF7C /* HomeRouter.swift */,
			);
			path = Home;
			sourceTree = "<group>";
		};
		C7FB29462D3FA1590095DF7C /* Models */ = {
			isa = PBXGroup;
			children = (
				C7FB29472D3FA1670095DF7C /* Person.swift */,
				C7FB29492D3FA3750095DF7C /* Article.swift */,
			);
			path = Models;
			sourceTree = "<group>";
		};
		C7FB29502D54F9860095DF7C /* Auth */ = {
			isa = PBXGroup;
			children = (
				C7FB29512D54F9990095DF7C /* AuthState.swift */,
				C7FB29532D54F9B80095DF7C /* AuthViewController.swift */,
				C7FB29552D54F9CA0095DF7C /* AuthInteractor.swift */,
				C7FB29572D54F9E20095DF7C /* AuthPresenter.swift */,
				C7FB29592D54F9F10095DF7C /* AuthRouter.swift */,
			);
			path = Auth;
			sourceTree = "<group>";
		};
		C7FB295B2D54FB2D0095DF7C /* Support */ = {
			isa = PBXGroup;
			children = (
				C7FB290F2D3D8CCD0095DF7C /* SceneDelegate.swift */,
				C7FB290D2D3D8CCD0095DF7C /* AppDelegate.swift */,
			);
			path = Support;
			sourceTree = "<group>";
		};
		C7FB29672D59D8930095DF7C /* Person */ = {
			isa = PBXGroup;
			children = (
				C7FB29682D59D8AC0095DF7C /* PersonViewController.swift */,
				C7FB29852D7475850095DF7C /* PersonRouter.swift */,
				C7FB29872D7476190095DF7C /* PersonPresenter.swift */,
				C7FB29892D7476480095DF7C /* PersonInteractor.swift */,
				C7FB298B2D7476800095DF7C /* PersonWorker.swift */,
				C7FB298D2D7476E40095DF7C /* PersonAssembly.swift */,
			);
			path = Person;
			sourceTree = "<group>";
		};
		C7FB296A2D59DDE50095DF7C /* Article */ = {
			isa = PBXGroup;
			children = (
				C7FB296B2D59DDFA0095DF7C /* ArticleViewController.swift */,
			);
			path = Article;
			sourceTree = "<group>";
		};
		C7FB297A2D6F2CF30095DF7C /* Settings */ = {
			isa = PBXGroup;
			children = (
				C7FB29802D6F2DD60095DF7C /* SettingsViewController.swift */,
			);
			path = Settings;
			sourceTree = "<group>";
		};
		C7FB297D2D6F2D190095DF7C /* NewArticle */ = {
			isa = PBXGroup;
			children = (
				C7FB297E2D6F2DC60095DF7C /* NewArticleViewController.swift */,
				C790F8072D76E238008C61A8 /* NewArticleTableDataSource.swift */,
			);
			path = NewArticle;
			sourceTree = "<group>";
		};
		C7FB29822D746D7F0095DF7C /* Configs */ = {
			isa = PBXGroup;
			children = (
				C7FB29832D746D980095DF7C /* Configs.swift */,
			);
			path = Configs;
			sourceTree = "<group>";
		};
		C7FB29BD2D74C6700095DF7C /* Models */ = {
			isa = PBXGroup;
			children = (
				C7FB29BE2D74C6930095DF7C /* ExploreDataModel.swift */,
			);
			path = Models;
			sourceTree = "<group>";
		};
/* End PBXGroup section */

/* Begin PBXNativeTarget section */
		C7FB29092D3D8CCD0095DF7C /* SightSeeStalker */ = {
			isa = PBXNativeTarget;
			buildConfigurationList = C7FB29212D3D8CCE0095DF7C /* Build configuration list for PBXNativeTarget "SightSeeStalker" */;
			buildPhases = (
				C7FB29062D3D8CCD0095DF7C /* Sources */,
				C7FB29072D3D8CCD0095DF7C /* Frameworks */,
				C7FB29082D3D8CCD0095DF7C /* Resources */,
			);
			buildRules = (
			);
			dependencies = (
			);
			name = SightSeeStalker;
			packageProductDependencies = (
				C7FB295D2D54FCC50095DF7C /* KeychainSwift */,
			);
			productName = SightSeeStalker;
			productReference = C7FB290A2D3D8CCD0095DF7C /* SightSeeStalker.app */;
			productType = "com.apple.product-type.application";
		};
/* End PBXNativeTarget section */

/* Begin PBXProject section */
		C7FB29022D3D8CCD0095DF7C /* Project object */ = {
			isa = PBXProject;
			attributes = {
				BuildIndependentTargetsInParallel = 1;
				LastSwiftUpdateCheck = 1540;
				LastUpgradeCheck = 1540;
				TargetAttributes = {
					C7FB29092D3D8CCD0095DF7C = {
						CreatedOnToolsVersion = 15.4;
					};
				};
			};
			buildConfigurationList = C7FB29052D3D8CCD0095DF7C /* Build configuration list for PBXProject "SightSeeStalker" */;
			compatibilityVersion = "Xcode 14.0";
			developmentRegion = en;
			hasScannedForEncodings = 0;
			knownRegions = (
				en,
				Base,
			);
			mainGroup = C7FB29012D3D8CCD0095DF7C;
			packageReferences = (
				C7FB295C2D54FCC50095DF7C /* XCRemoteSwiftPackageReference "keychain-swift" */,
			);
			productRefGroup = C7FB290B2D3D8CCD0095DF7C /* Products */;
			projectDirPath = "";
			projectRoot = "";
			targets = (
				C7FB29092D3D8CCD0095DF7C /* SightSeeStalker */,
			);
		};
/* End PBXProject section */

/* Begin PBXResourcesBuildPhase section */
		C7FB29082D3D8CCD0095DF7C /* Resources */ = {
			isa = PBXResourcesBuildPhase;
			buildActionMask = 2147483647;
			files = (
				C7FB292E2D3E39240095DF7C /* Arial Narrow.ttf in Resources */,
				C7FB291A2D3D8CCE0095DF7C /* Assets.xcassets in Resources */,
				C7FB296E2D609BAA0095DF7C /* Sora-Regular.ttf in Resources */,
				C7FB291D2D3D8CCE0095DF7C /* Base in Resources */,
			);
			runOnlyForDeploymentPostprocessing = 0;
		};
/* End PBXResourcesBuildPhase section */

/* Begin PBXSourcesBuildPhase section */
		C7FB29062D3D8CCD0095DF7C /* Sources */ = {
			isa = PBXSourcesBuildPhase;
			buildActionMask = 2147483647;
			files = (
				C7FB29B82D74C2740095DF7C /* ExploreInteractor.swift in Sources */,
				C7FB29A42D74ABC90095DF7C /* MapAssembly.swift in Sources */,
				C7FB29602D55148D0095DF7C /* ToggleButtonsView.swift in Sources */,
				C7FB29542D54F9B80095DF7C /* AuthViewController.swift in Sources */,
				C7FB29742D6364E90095DF7C /* MapViewDelegate.swift in Sources */,
				C7FB29882D7476190095DF7C /* PersonPresenter.swift in Sources */,
				C7FB29362D3F695C0095DF7C /* CustomSegmentedView.swift in Sources */,
				C7FB29862D7475850095DF7C /* PersonRouter.swift in Sources */,
				C7FB29A82D74B29E0095DF7C /* HomePresenter.swift in Sources */,
				C7FB29982D74868A0095DF7C /* NewsRouter.swift in Sources */,
				C7FB29A02D74AACF0095DF7C /* MapInteractor.swift in Sources */,
				C7FB29AE2D74B34D0095DF7C /* HomeAssembly.swift in Sources */,
				C7FB29812D6F2DD60095DF7C /* SettingsViewController.swift in Sources */,
				C7FB29562D54F9CA0095DF7C /* AuthInteractor.swift in Sources */,
				C7FB29BC2D74C2940095DF7C /* ExploreRouter.swift in Sources */,
				C7FB29C12D74CD080095DF7C /* ExploreAssembly.swift in Sources */,
				C7FB29B02D74B5840095DF7C /* HomeWorker.swift in Sources */,
				C7FB29272D3E291E0095DF7C /* UIView+Pin.swift in Sources */,
				C7FB294C2D3FD43B0095DF7C /* PersonCell.swift in Sources */,
				C7FB29662D58FDAB0095DF7C /* ImageCarouselView.swift in Sources */,
				C7FB29B42D74C25E0095DF7C /* ExploreProtocols.swift in Sources */,
				C7FB299C2D74AA9C0095DF7C /* MapProtocols.swift in Sources */,
				C7FB294A2D3FA3750095DF7C /* Article.swift in Sources */,
				C7FB298E2D7476E40095DF7C /* PersonAssembly.swift in Sources */,
				C7FB297F2D6F2DC60095DF7C /* NewArticleViewController.swift in Sources */,
				C7FB29432D3F82220095DF7C /* CustomTabBarController.swift in Sources */,
				C7FB29792D6F09480095DF7C /* CustomAnnotation.swift in Sources */,
				C7FB29842D746D980095DF7C /* Configs.swift in Sources */,
				C7FB298C2D7476800095DF7C /* PersonWorker.swift in Sources */,
				C7FB29122D3D8CCD0095DF7C /* ExploreViewController.swift in Sources */,
				C7FB296C2D59DDFA0095DF7C /* ArticleViewController.swift in Sources */,
				C7FB29722D631BDC0095DF7C /* UIImageView+.swift in Sources */,
				C7FB299E2D74AAC40095DF7C /* MapPresenter.swift in Sources */,
				C7FB29A62D74B28E0095DF7C /* HomeProtocols.swift in Sources */,
				C7FB29322D3E61BE0095DF7C /* CustomButton.swift in Sources */,
				C7FB29BA2D74C27F0095DF7C /* ExplorePresenter.swift in Sources */,
				C7FB29962D74867E0095DF7C /* NewsInteractor.swift in Sources */,
				C7FB29452D3F86D50095DF7C /* UIImage+.swift in Sources */,
				C7FB292B2D3E320D0095DF7C /* Font.swift in Sources */,
				C7FB290E2D3D8CCD0095DF7C /* AppDelegate.swift in Sources */,
				C7FB293F2D3F7FAE0095DF7C /* MapViewController.swift in Sources */,
				C7FB29302D3E403B0095DF7C /* CustomTextField.swift in Sources */,
				C790F80A2D76FC28008C61A8 /* ImageFromPhoneCarouselView.swift in Sources */,
				C7FB29182D3D8CCD0095DF7C /* SightSeeStalker.xcdatamodeld in Sources */,
				C7FB29BF2D74C6930095DF7C /* ExploreDataModel.swift in Sources */,
				C7FB29B62D74C2690095DF7C /* ExploreWorker.swift in Sources */,
				C790F8082D76E238008C61A8 /* NewArticleTableDataSource.swift in Sources */,
				C7FB29522D54F9990095DF7C /* AuthState.swift in Sources */,
				C7FB29AC2D74B2E30095DF7C /* HomeInteractor.swift in Sources */,
				C7FB29582D54F9E20095DF7C /* AuthPresenter.swift in Sources */,
				C7FB29102D3D8CCD0095DF7C /* SceneDelegate.swift in Sources */,
				C7FB298A2D7476480095DF7C /* PersonInteractor.swift in Sources */,
				C7FB29292D3E2A490095DF7C /* UIColor+.swift in Sources */,
				C7FB29A22D74AB0B0095DF7C /* MapWorker.swift in Sources */,
				C7FB29942D74866C0095DF7C /* NewsWorker.swift in Sources */,
				C7FB29922D7486600095DF7C /* NewsPresenter.swift in Sources */,
				C7FB29412D3F80280095DF7C /* NewsViewController.swift in Sources */,
				C7FB29B22D74B90F0095DF7C /* HomeRouter.swift in Sources */,
				C7FB29482D3FA1670095DF7C /* Person.swift in Sources */,
				C7FB29342D3E74290095DF7C /* CustomImageView.swift in Sources */,
				C7FB29692D59D8AC0095DF7C /* PersonViewController.swift in Sources */,
				C7FB299A2D74874B0095DF7C /* NewsAssembly.swift in Sources */,
				C7FB29902D7486540095DF7C /* NewsProtocols.swift in Sources */,
				C7FB29622D58A8D90095DF7C /* ArticleCell.swift in Sources */,
				C7FB295A2D54F9F10095DF7C /* AuthRouter.swift in Sources */,
				C7FB293D2D3F7EFC0095DF7C /* HomeViewController.swift in Sources */,
				C7FB294E2D3FD9820095DF7C /* ExploreDataSource.swift in Sources */,
			);
			runOnlyForDeploymentPostprocessing = 0;
		};
/* End PBXSourcesBuildPhase section */

/* Begin PBXVariantGroup section */
		C7FB291B2D3D8CCE0095DF7C /* LaunchScreen.storyboard */ = {
			isa = PBXVariantGroup;
			children = (
				C7FB291C2D3D8CCE0095DF7C /* Base */,
			);
			name = LaunchScreen.storyboard;
			sourceTree = "<group>";
		};
/* End PBXVariantGroup section */

/* Begin XCBuildConfiguration section */
		C7FB291F2D3D8CCE0095DF7C /* Debug */ = {
			isa = XCBuildConfiguration;
			buildSettings = {
				ALWAYS_SEARCH_USER_PATHS = NO;
				ASSETCATALOG_COMPILER_GENERATE_SWIFT_ASSET_SYMBOL_EXTENSIONS = YES;
				CLANG_ANALYZER_NONNULL = YES;
				CLANG_ANALYZER_NUMBER_OBJECT_CONVERSION = YES_AGGRESSIVE;
				CLANG_CXX_LANGUAGE_STANDARD = "gnu++20";
				CLANG_ENABLE_MODULES = YES;
				CLANG_ENABLE_OBJC_ARC = YES;
				CLANG_ENABLE_OBJC_WEAK = YES;
				CLANG_WARN_BLOCK_CAPTURE_AUTORELEASING = YES;
				CLANG_WARN_BOOL_CONVERSION = YES;
				CLANG_WARN_COMMA = YES;
				CLANG_WARN_CONSTANT_CONVERSION = YES;
				CLANG_WARN_DEPRECATED_OBJC_IMPLEMENTATIONS = YES;
				CLANG_WARN_DIRECT_OBJC_ISA_USAGE = YES_ERROR;
				CLANG_WARN_DOCUMENTATION_COMMENTS = YES;
				CLANG_WARN_EMPTY_BODY = YES;
				CLANG_WARN_ENUM_CONVERSION = YES;
				CLANG_WARN_INFINITE_RECURSION = YES;
				CLANG_WARN_INT_CONVERSION = YES;
				CLANG_WARN_NON_LITERAL_NULL_CONVERSION = YES;
				CLANG_WARN_OBJC_IMPLICIT_RETAIN_SELF = YES;
				CLANG_WARN_OBJC_LITERAL_CONVERSION = YES;
				CLANG_WARN_OBJC_ROOT_CLASS = YES_ERROR;
				CLANG_WARN_QUOTED_INCLUDE_IN_FRAMEWORK_HEADER = YES;
				CLANG_WARN_RANGE_LOOP_ANALYSIS = YES;
				CLANG_WARN_STRICT_PROTOTYPES = YES;
				CLANG_WARN_SUSPICIOUS_MOVE = YES;
				CLANG_WARN_UNGUARDED_AVAILABILITY = YES_AGGRESSIVE;
				CLANG_WARN_UNREACHABLE_CODE = YES;
				CLANG_WARN__DUPLICATE_METHOD_MATCH = YES;
				COPY_PHASE_STRIP = NO;
				DEBUG_INFORMATION_FORMAT = dwarf;
				ENABLE_STRICT_OBJC_MSGSEND = YES;
				ENABLE_TESTABILITY = YES;
				ENABLE_USER_SCRIPT_SANDBOXING = YES;
				GCC_C_LANGUAGE_STANDARD = gnu17;
				GCC_DYNAMIC_NO_PIC = NO;
				GCC_NO_COMMON_BLOCKS = YES;
				GCC_OPTIMIZATION_LEVEL = 0;
				GCC_PREPROCESSOR_DEFINITIONS = (
					"DEBUG=1",
					"$(inherited)",
				);
				GCC_WARN_64_TO_32_BIT_CONVERSION = YES;
				GCC_WARN_ABOUT_RETURN_TYPE = YES_ERROR;
				GCC_WARN_UNDECLARED_SELECTOR = YES;
				GCC_WARN_UNINITIALIZED_AUTOS = YES_AGGRESSIVE;
				GCC_WARN_UNUSED_FUNCTION = YES;
				GCC_WARN_UNUSED_VARIABLE = YES;
				IPHONEOS_DEPLOYMENT_TARGET = 17.5;
				LOCALIZATION_PREFERS_STRING_CATALOGS = YES;
				MTL_ENABLE_DEBUG_INFO = INCLUDE_SOURCE;
				MTL_FAST_MATH = YES;
				ONLY_ACTIVE_ARCH = YES;
				SDKROOT = iphoneos;
				SWIFT_ACTIVE_COMPILATION_CONDITIONS = "DEBUG $(inherited)";
				SWIFT_OPTIMIZATION_LEVEL = "-Onone";
			};
			name = Debug;
		};
		C7FB29202D3D8CCE0095DF7C /* Release */ = {
			isa = XCBuildConfiguration;
			buildSettings = {
				ALWAYS_SEARCH_USER_PATHS = NO;
				ASSETCATALOG_COMPILER_GENERATE_SWIFT_ASSET_SYMBOL_EXTENSIONS = YES;
				CLANG_ANALYZER_NONNULL = YES;
				CLANG_ANALYZER_NUMBER_OBJECT_CONVERSION = YES_AGGRESSIVE;
				CLANG_CXX_LANGUAGE_STANDARD = "gnu++20";
				CLANG_ENABLE_MODULES = YES;
				CLANG_ENABLE_OBJC_ARC = YES;
				CLANG_ENABLE_OBJC_WEAK = YES;
				CLANG_WARN_BLOCK_CAPTURE_AUTORELEASING = YES;
				CLANG_WARN_BOOL_CONVERSION = YES;
				CLANG_WARN_COMMA = YES;
				CLANG_WARN_CONSTANT_CONVERSION = YES;
				CLANG_WARN_DEPRECATED_OBJC_IMPLEMENTATIONS = YES;
				CLANG_WARN_DIRECT_OBJC_ISA_USAGE = YES_ERROR;
				CLANG_WARN_DOCUMENTATION_COMMENTS = YES;
				CLANG_WARN_EMPTY_BODY = YES;
				CLANG_WARN_ENUM_CONVERSION = YES;
				CLANG_WARN_INFINITE_RECURSION = YES;
				CLANG_WARN_INT_CONVERSION = YES;
				CLANG_WARN_NON_LITERAL_NULL_CONVERSION = YES;
				CLANG_WARN_OBJC_IMPLICIT_RETAIN_SELF = YES;
				CLANG_WARN_OBJC_LITERAL_CONVERSION = YES;
				CLANG_WARN_OBJC_ROOT_CLASS = YES_ERROR;
				CLANG_WARN_QUOTED_INCLUDE_IN_FRAMEWORK_HEADER = YES;
				CLANG_WARN_RANGE_LOOP_ANALYSIS = YES;
				CLANG_WARN_STRICT_PROTOTYPES = YES;
				CLANG_WARN_SUSPICIOUS_MOVE = YES;
				CLANG_WARN_UNGUARDED_AVAILABILITY = YES_AGGRESSIVE;
				CLANG_WARN_UNREACHABLE_CODE = YES;
				CLANG_WARN__DUPLICATE_METHOD_MATCH = YES;
				COPY_PHASE_STRIP = NO;
				DEBUG_INFORMATION_FORMAT = "dwarf-with-dsym";
				ENABLE_NS_ASSERTIONS = NO;
				ENABLE_STRICT_OBJC_MSGSEND = YES;
				ENABLE_USER_SCRIPT_SANDBOXING = YES;
				GCC_C_LANGUAGE_STANDARD = gnu17;
				GCC_NO_COMMON_BLOCKS = YES;
				GCC_WARN_64_TO_32_BIT_CONVERSION = YES;
				GCC_WARN_ABOUT_RETURN_TYPE = YES_ERROR;
				GCC_WARN_UNDECLARED_SELECTOR = YES;
				GCC_WARN_UNINITIALIZED_AUTOS = YES_AGGRESSIVE;
				GCC_WARN_UNUSED_FUNCTION = YES;
				GCC_WARN_UNUSED_VARIABLE = YES;
				IPHONEOS_DEPLOYMENT_TARGET = 17.5;
				LOCALIZATION_PREFERS_STRING_CATALOGS = YES;
				MTL_ENABLE_DEBUG_INFO = NO;
				MTL_FAST_MATH = YES;
				SDKROOT = iphoneos;
				SWIFT_COMPILATION_MODE = wholemodule;
				VALIDATE_PRODUCT = YES;
			};
			name = Release;
		};
		C7FB29222D3D8CCE0095DF7C /* Debug */ = {
			isa = XCBuildConfiguration;
			buildSettings = {
				ASSETCATALOG_COMPILER_APPICON_NAME = AppIcon;
				ASSETCATALOG_COMPILER_GLOBAL_ACCENT_COLOR_NAME = AccentColor;
				CODE_SIGN_STYLE = Automatic;
				CURRENT_PROJECT_VERSION = 1;
				GENERATE_INFOPLIST_FILE = YES;
				INFOPLIST_FILE = SightSeeStalker/Info.plist;
				INFOPLIST_KEY_UIApplicationSupportsIndirectInputEvents = YES;
				INFOPLIST_KEY_UILaunchStoryboardName = LaunchScreen;
				INFOPLIST_KEY_UISupportedInterfaceOrientations_iPad = "UIInterfaceOrientationPortrait UIInterfaceOrientationPortraitUpsideDown UIInterfaceOrientationLandscapeLeft UIInterfaceOrientationLandscapeRight";
				INFOPLIST_KEY_UISupportedInterfaceOrientations_iPhone = "UIInterfaceOrientationPortrait UIInterfaceOrientationLandscapeLeft UIInterfaceOrientationLandscapeRight";
				LD_RUNPATH_SEARCH_PATHS = (
					"$(inherited)",
					"@executable_path/Frameworks",
				);
				MARKETING_VERSION = 1.0;
				PRODUCT_BUNDLE_IDENTIFIER = HSE.SightSeeStalker;
				PRODUCT_NAME = "$(TARGET_NAME)";
				SWIFT_EMIT_LOC_STRINGS = YES;
				SWIFT_VERSION = 5.0;
				TARGETED_DEVICE_FAMILY = "1,2";
			};
			name = Debug;
		};
		C7FB29232D3D8CCE0095DF7C /* Release */ = {
			isa = XCBuildConfiguration;
			buildSettings = {
				ASSETCATALOG_COMPILER_APPICON_NAME = AppIcon;
				ASSETCATALOG_COMPILER_GLOBAL_ACCENT_COLOR_NAME = AccentColor;
				CODE_SIGN_STYLE = Automatic;
				CURRENT_PROJECT_VERSION = 1;
				GENERATE_INFOPLIST_FILE = YES;
				INFOPLIST_FILE = SightSeeStalker/Info.plist;
				INFOPLIST_KEY_UIApplicationSupportsIndirectInputEvents = YES;
				INFOPLIST_KEY_UILaunchStoryboardName = LaunchScreen;
				INFOPLIST_KEY_UISupportedInterfaceOrientations_iPad = "UIInterfaceOrientationPortrait UIInterfaceOrientationPortraitUpsideDown UIInterfaceOrientationLandscapeLeft UIInterfaceOrientationLandscapeRight";
				INFOPLIST_KEY_UISupportedInterfaceOrientations_iPhone = "UIInterfaceOrientationPortrait UIInterfaceOrientationLandscapeLeft UIInterfaceOrientationLandscapeRight";
				LD_RUNPATH_SEARCH_PATHS = (
					"$(inherited)",
					"@executable_path/Frameworks",
				);
				MARKETING_VERSION = 1.0;
				PRODUCT_BUNDLE_IDENTIFIER = HSE.SightSeeStalker;
				PRODUCT_NAME = "$(TARGET_NAME)";
				SWIFT_EMIT_LOC_STRINGS = YES;
				SWIFT_VERSION = 5.0;
				TARGETED_DEVICE_FAMILY = "1,2";
			};
			name = Release;
		};
/* End XCBuildConfiguration section */

/* Begin XCConfigurationList section */
		C7FB29052D3D8CCD0095DF7C /* Build configuration list for PBXProject "SightSeeStalker" */ = {
			isa = XCConfigurationList;
			buildConfigurations = (
				C7FB291F2D3D8CCE0095DF7C /* Debug */,
				C7FB29202D3D8CCE0095DF7C /* Release */,
			);
			defaultConfigurationIsVisible = 0;
			defaultConfigurationName = Release;
		};
		C7FB29212D3D8CCE0095DF7C /* Build configuration list for PBXNativeTarget "SightSeeStalker" */ = {
			isa = XCConfigurationList;
			buildConfigurations = (
				C7FB29222D3D8CCE0095DF7C /* Debug */,
				C7FB29232D3D8CCE0095DF7C /* Release */,
			);
			defaultConfigurationIsVisible = 0;
			defaultConfigurationName = Release;
		};
/* End XCConfigurationList section */

/* Begin XCRemoteSwiftPackageReference section */
		C7FB295C2D54FCC50095DF7C /* XCRemoteSwiftPackageReference "keychain-swift" */ = {
			isa = XCRemoteSwiftPackageReference;
			repositoryURL = "https://github.com/evgenyneu/keychain-swift";
			requirement = {
				kind = upToNextMajorVersion;
				minimumVersion = 24.0.0;
			};
		};
/* End XCRemoteSwiftPackageReference section */

/* Begin XCSwiftPackageProductDependency section */
		C7FB295D2D54FCC50095DF7C /* KeychainSwift */ = {
			isa = XCSwiftPackageProductDependency;
			package = C7FB295C2D54FCC50095DF7C /* XCRemoteSwiftPackageReference "keychain-swift" */;
			productName = KeychainSwift;
		};
/* End XCSwiftPackageProductDependency section */

/* Begin XCVersionGroup section */
		C7FB29162D3D8CCD0095DF7C /* SightSeeStalker.xcdatamodeld */ = {
			isa = XCVersionGroup;
			children = (
				C7FB29172D3D8CCD0095DF7C /* SightSeeStalker.xcdatamodel */,
			);
			currentVersion = C7FB29172D3D8CCD0095DF7C /* SightSeeStalker.xcdatamodel */;
			path = SightSeeStalker.xcdatamodeld;
			sourceTree = "<group>";
			versionGroupType = wrapper.xcdatamodel;
		};
/* End XCVersionGroup section */
	};
	rootObject = C7FB29022D3D8CCD0095DF7C /* Project object */;
}
